// !$*UTF8*$!
{
	archiveVersion = 1;
	classes = {
	};
	objectVersion = 46;
	objects = {

/* Begin PBXBuildFile section */
		6F789E1B1E9986BB00077B48 /* AppDelegate.swift in Sources */ = {isa = PBXBuildFile; fileRef = 6F789E1A1E9986BB00077B48 /* AppDelegate.swift */; };
		6F789E1D1E9986BB00077B48 /* ViewController.swift in Sources */ = {isa = PBXBuildFile; fileRef = 6F789E1C1E9986BB00077B48 /* ViewController.swift */; };
		6F789E201E9986BB00077B48 /* Main.storyboard in Resources */ = {isa = PBXBuildFile; fileRef = 6F789E1E1E9986BB00077B48 /* Main.storyboard */; };
		6F789E221E9986BB00077B48 /* Assets.xcassets in Resources */ = {isa = PBXBuildFile; fileRef = 6F789E211E9986BB00077B48 /* Assets.xcassets */; };
		6F789E251E9986BB00077B48 /* LaunchScreen.storyboard in Resources */ = {isa = PBXBuildFile; fileRef = 6F789E231E9986BB00077B48 /* LaunchScreen.storyboard */; };
		6F789E301E9986BB00077B48 /* SlackTwilioTestTests.swift in Sources */ = {isa = PBXBuildFile; fileRef = 6F789E2F1E9986BB00077B48 /* SlackTwilioTestTests.swift */; };
		6F789E3B1E9986BB00077B48 /* SlackTwilioTestUITests.swift in Sources */ = {isa = PBXBuildFile; fileRef = 6F789E3A1E9986BB00077B48 /* SlackTwilioTestUITests.swift */; };
/* End PBXBuildFile section */

/* Begin PBXContainerItemProxy section */
		6F789E2C1E9986BB00077B48 /* PBXContainerItemProxy */ = {
			isa = PBXContainerItemProxy;
			containerPortal = 6F789E0F1E9986BB00077B48 /* Project object */;
			proxyType = 1;
			remoteGlobalIDString = 6F789E161E9986BB00077B48;
			remoteInfo = SlackTwilioTest;
		};
		6F789E371E9986BB00077B48 /* PBXContainerItemProxy */ = {
			isa = PBXContainerItemProxy;
			containerPortal = 6F789E0F1E9986BB00077B48 /* Project object */;
			proxyType = 1;
			remoteGlobalIDString = 6F789E161E9986BB00077B48;
			remoteInfo = SlackTwilioTest;
		};
/* End PBXContainerItemProxy section */

/* Begin PBXFileReference section */
		6F789E171E9986BB00077B48 /* SlackTwilioTest.app */ = {isa = PBXFileReference; explicitFileType = wrapper.application; includeInIndex = 0; path = SlackTwilioTest.app; sourceTree = BUILT_PRODUCTS_DIR; };
		6F789E1A1E9986BB00077B48 /* AppDelegate.swift */ = {isa = PBXFileReference; lastKnownFileType = sourcecode.swift; path = AppDelegate.swift; sourceTree = "<group>"; };
		6F789E1C1E9986BB00077B48 /* ViewController.swift */ = {isa = PBXFileReference; lastKnownFileType = sourcecode.swift; path = ViewController.swift; sourceTree = "<group>"; };
		6F789E1F1E9986BB00077B48 /* Base */ = {isa = PBXFileReference; lastKnownFileType = file.storyboard; name = Base; path = Base.lproj/Main.storyboard; sourceTree = "<group>"; };
		6F789E211E9986BB00077B48 /* Assets.xcassets */ = {isa = PBXFileReference; lastKnownFileType = folder.assetcatalog; path = Assets.xcassets; sourceTree = "<group>"; };
		6F789E241E9986BB00077B48 /* Base */ = {isa = PBXFileReference; lastKnownFileType = file.storyboard; name = Base; path = Base.lproj/LaunchScreen.storyboard; sourceTree = "<group>"; };
		6F789E261E9986BB00077B48 /* Info.plist */ = {isa = PBXFileReference; lastKnownFileType = text.plist.xml; path = Info.plist; sourceTree = "<group>"; };
		6F789E2B1E9986BB00077B48 /* SlackTwilioTestTests.xctest */ = {isa = PBXFileReference; explicitFileType = wrapper.cfbundle; includeInIndex = 0; path = SlackTwilioTestTests.xctest; sourceTree = BUILT_PRODUCTS_DIR; };
		6F789E2F1E9986BB00077B48 /* SlackTwilioTestTests.swift */ = {isa = PBXFileReference; lastKnownFileType = sourcecode.swift; path = SlackTwilioTestTests.swift; sourceTree = "<group>"; };
		6F789E311E9986BB00077B48 /* Info.plist */ = {isa = PBXFileReference; lastKnownFileType = text.plist.xml; path = Info.plist; sourceTree = "<group>"; };
		6F789E361E9986BB00077B48 /* SlackTwilioTestUITests.xctest */ = {isa = PBXFileReference; explicitFileType = wrapper.cfbundle; includeInIndex = 0; path = SlackTwilioTestUITests.xctest; sourceTree = BUILT_PRODUCTS_DIR; };
		6F789E3A1E9986BB00077B48 /* SlackTwilioTestUITests.swift */ = {isa = PBXFileReference; lastKnownFileType = sourcecode.swift; path = SlackTwilioTestUITests.swift; sourceTree = "<group>"; };
		6F789E3C1E9986BB00077B48 /* Info.plist */ = {isa = PBXFileReference; lastKnownFileType = text.plist.xml; path = Info.plist; sourceTree = "<group>"; };
/* End PBXFileReference section */

/* Begin PBXFrameworksBuildPhase section */
		6F789E141E9986BB00077B48 /* Frameworks */ = {
			isa = PBXFrameworksBuildPhase;
			buildActionMask = 2147483647;
			files = (
			);
			runOnlyForDeploymentPostprocessing = 0;
		};
		6F789E281E9986BB00077B48 /* Frameworks */ = {
			isa = PBXFrameworksBuildPhase;
			buildActionMask = 2147483647;
			files = (
			);
			runOnlyForDeploymentPostprocessing = 0;
		};
		6F789E331E9986BB00077B48 /* Frameworks */ = {
			isa = PBXFrameworksBuildPhase;
			buildActionMask = 2147483647;
			files = (
			);
			runOnlyForDeploymentPostprocessing = 0;
		};
/* End PBXFrameworksBuildPhase section */

/* Begin PBXGroup section */
		6F789E0E1E9986BB00077B48 = {
			isa = PBXGroup;
			children = (
				6F789E191E9986BB00077B48 /* SlackTwilioTest */,
				6F789E2E1E9986BB00077B48 /* SlackTwilioTestTests */,
				6F789E391E9986BB00077B48 /* SlackTwilioTestUITests */,
				6F789E181E9986BB00077B48 /* Products */,
			);
			sourceTree = "<group>";
		};
		6F789E181E9986BB00077B48 /* Products */ = {
			isa = PBXGroup;
			children = (
				6F789E171E9986BB00077B48 /* SlackTwilioTest.app */,
				6F789E2B1E9986BB00077B48 /* SlackTwilioTestTests.xctest */,
				6F789E361E9986BB00077B48 /* SlackTwilioTestUITests.xctest */,
			);
			name = Products;
			sourceTree = "<group>";
		};
		6F789E191E9986BB00077B48 /* SlackTwilioTest */ = {
			isa = PBXGroup;
			children = (
				6F789E1A1E9986BB00077B48 /* AppDelegate.swift */,
				6F789E1C1E9986BB00077B48 /* ViewController.swift */,
				6F789E1E1E9986BB00077B48 /* Main.storyboard */,
				6F789E211E9986BB00077B48 /* Assets.xcassets */,
				6F789E231E9986BB00077B48 /* LaunchScreen.storyboard */,
				6F789E261E9986BB00077B48 /* Info.plist */,
			);
			path = SlackTwilioTest;
			sourceTree = "<group>";
		};
		6F789E2E1E9986BB00077B48 /* SlackTwilioTestTests */ = {
			isa = PBXGroup;
			children = (
				6F789E2F1E9986BB00077B48 /* SlackTwilioTestTests.swift */,
				6F789E311E9986BB00077B48 /* Info.plist */,
			);
			path = SlackTwilioTestTests;
			sourceTree = "<group>";
		};
		6F789E391E9986BB00077B48 /* SlackTwilioTestUITests */ = {
			isa = PBXGroup;
			children = (
				6F789E3A1E9986BB00077B48 /* SlackTwilioTestUITests.swift */,
				6F789E3C1E9986BB00077B48 /* Info.plist */,
			);
			path = SlackTwilioTestUITests;
			sourceTree = "<group>";
		};
/* End PBXGroup section */

/* Begin PBXNativeTarget section */
		6F789E161E9986BB00077B48 /* SlackTwilioTest */ = {
			isa = PBXNativeTarget;
			buildConfigurationList = 6F789E3F1E9986BB00077B48 /* Build configuration list for PBXNativeTarget "SlackTwilioTest" */;
			buildPhases = (
				6F789E131E9986BB00077B48 /* Sources */,
				6F789E141E9986BB00077B48 /* Frameworks */,
				6F789E151E9986BB00077B48 /* Resources */,
			);
			buildRules = (
			);
			dependencies = (
			);
			name = SlackTwilioTest;
			productName = SlackTwilioTest;
			productReference = 6F789E171E9986BB00077B48 /* SlackTwilioTest.app */;
			productType = "com.apple.product-type.application";
		};
		6F789E2A1E9986BB00077B48 /* SlackTwilioTestTests */ = {
			isa = PBXNativeTarget;
			buildConfigurationList = 6F789E421E9986BB00077B48 /* Build configuration list for PBXNativeTarget "SlackTwilioTestTests" */;
			buildPhases = (
				6F789E271E9986BB00077B48 /* Sources */,
				6F789E281E9986BB00077B48 /* Frameworks */,
				6F789E291E9986BB00077B48 /* Resources */,
			);
			buildRules = (
			);
			dependencies = (
				6F789E2D1E9986BB00077B48 /* PBXTargetDependency */,
			);
			name = SlackTwilioTestTests;
			productName = SlackTwilioTestTests;
			productReference = 6F789E2B1E9986BB00077B48 /* SlackTwilioTestTests.xctest */;
			productType = "com.apple.product-type.bundle.unit-test";
		};
		6F789E351E9986BB00077B48 /* SlackTwilioTestUITests */ = {
			isa = PBXNativeTarget;
			buildConfigurationList = 6F789E451E9986BB00077B48 /* Build configuration list for PBXNativeTarget "SlackTwilioTestUITests" */;
			buildPhases = (
				6F789E321E9986BB00077B48 /* Sources */,
				6F789E331E9986BB00077B48 /* Frameworks */,
				6F789E341E9986BB00077B48 /* Resources */,
			);
			buildRules = (
			);
			dependencies = (
				6F789E381E9986BB00077B48 /* PBXTargetDependency */,
			);
			name = SlackTwilioTestUITests;
			productName = SlackTwilioTestUITests;
			productReference = 6F789E361E9986BB00077B48 /* SlackTwilioTestUITests.xctest */;
			productType = "com.apple.product-type.bundle.ui-testing";
		};
/* End PBXNativeTarget section */

/* Begin PBXProject section */
		6F789E0F1E9986BB00077B48 /* Project object */ = {
			isa = PBXProject;
			attributes = {
				LastSwiftUpdateCheck = 0830;
				LastUpgradeCheck = 0830;
				ORGANIZATIONNAME = "Allan Zhang";
				TargetAttributes = {
					6F789E161E9986BB00077B48 = {
						CreatedOnToolsVersion = 8.3.1;
						DevelopmentTeam = X2AGFT2D8U;
						ProvisioningStyle = Automatic;
					};
					6F789E2A1E9986BB00077B48 = {
						CreatedOnToolsVersion = 8.3.1;
						DevelopmentTeam = X2AGFT2D8U;
						ProvisioningStyle = Automatic;
						TestTargetID = 6F789E161E9986BB00077B48;
					};
					6F789E351E9986BB00077B48 = {
						CreatedOnToolsVersion = 8.3.1;
						DevelopmentTeam = X2AGFT2D8U;
						ProvisioningStyle = Automatic;
						TestTargetID = 6F789E161E9986BB00077B48;
					};
				};
			};
			buildConfigurationList = 6F789E121E9986BB00077B48 /* Build configuration list for PBXProject "SlackTwilioTest" */;
			compatibilityVersion = "Xcode 3.2";
			developmentRegion = English;
			hasScannedForEncodings = 0;
			knownRegions = (
				en,
				Base,
			);
			mainGroup = 6F789E0E1E9986BB00077B48;
			productRefGroup = 6F789E181E9986BB00077B48 /* Products */;
			projectDirPath = "";
			projectRoot = "";
			targets = (
				6F789E161E9986BB00077B48 /* SlackTwilioTest */,
				6F789E2A1E9986BB00077B48 /* SlackTwilioTestTests */,
				6F789E351E9986BB00077B48 /* SlackTwilioTestUITests */,
			);
		};
/* End PBXProject section */

/* Begin PBXResourcesBuildPhase section */
		6F789E151E9986BB00077B48 /* Resources */ = {
			isa = PBXResourcesBuildPhase;
			buildActionMask = 2147483647;
			files = (
				6F789E251E9986BB00077B48 /* LaunchScreen.storyboard in Resources */,
				6F789E221E9986BB00077B48 /* Assets.xcassets in Resources */,
				6F789E201E9986BB00077B48 /* Main.storyboard in Resources */,
			);
			runOnlyForDeploymentPostprocessing = 0;
		};
		6F789E291E9986BB00077B48 /* Resources */ = {
			isa = PBXResourcesBuildPhase;
			buildActionMask = 2147483647;
			files = (
			);
			runOnlyForDeploymentPostprocessing = 0;
		};
		6F789E341E9986BB00077B48 /* Resources */ = {
			isa = PBXResourcesBuildPhase;
			buildActionMask = 2147483647;
			files = (
			);
			runOnlyForDeploymentPostprocessing = 0;
		};
/* End PBXResourcesBuildPhase section */

/* Begin PBXSourcesBuildPhase section */
		6F789E131E9986BB00077B48 /* Sources */ = {
			isa = PBXSourcesBuildPhase;
			buildActionMask = 2147483647;
			files = (
				6F789E1D1E9986BB00077B48 /* ViewController.swift in Sources */,
				6F789E1B1E9986BB00077B48 /* AppDelegate.swift in Sources */,
			);
			runOnlyForDeploymentPostprocessing = 0;
		};
		6F789E271E9986BB00077B48 /* Sources */ = {
			isa = PBXSourcesBuildPhase;
			buildActionMask = 2147483647;
			files = (
				6F789E301E9986BB00077B48 /* SlackTwilioTestTests.swift in Sources */,
			);
			runOnlyForDeploymentPostprocessing = 0;
		};
		6F789E321E9986BB00077B48 /* Sources */ = {
			isa = PBXSourcesBuildPhase;
			buildActionMask = 2147483647;
			files = (
				6F789E3B1E9986BB00077B48 /* SlackTwilioTestUITests.swift in Sources */,
			);
			runOnlyForDeploymentPostprocessing = 0;
		};
/* End PBXSourcesBuildPhase section */

/* Begin PBXTargetDependency section */
		6F789E2D1E9986BB00077B48 /* PBXTargetDependency */ = {
			isa = PBXTargetDependency;
			target = 6F789E161E9986BB00077B48 /* SlackTwilioTest */;
			targetProxy = 6F789E2C1E9986BB00077B48 /* PBXContainerItemProxy */;
		};
		6F789E381E9986BB00077B48 /* PBXTargetDependency */ = {
			isa = PBXTargetDependency;
			target = 6F789E161E9986BB00077B48 /* SlackTwilioTest */;
			targetProxy = 6F789E371E9986BB00077B48 /* PBXContainerItemProxy */;
		};
/* End PBXTargetDependency section */

/* Begin PBXVariantGroup section */
		6F789E1E1E9986BB00077B48 /* Main.storyboard */ = {
			isa = PBXVariantGroup;
			children = (
				6F789E1F1E9986BB00077B48 /* Base */,
			);
			name = Main.storyboard;
			sourceTree = "<group>";
		};
		6F789E231E9986BB00077B48 /* LaunchScreen.storyboard */ = {
			isa = PBXVariantGroup;
			children = (
				6F789E241E9986BB00077B48 /* Base */,
			);
			name = LaunchScreen.storyboard;
			sourceTree = "<group>";
		};
/* End PBXVariantGroup section */

/* Begin XCBuildConfiguration section */
		6F789E3D1E9986BB00077B48 /* Debug */ = {
			isa = XCBuildConfiguration;
			buildSettings = {
				ALWAYS_SEARCH_USER_PATHS = NO;
				CLANG_ANALYZER_NONNULL = YES;
				CLANG_ANALYZER_NUMBER_OBJECT_CONVERSION = YES_AGGRESSIVE;
				CLANG_CXX_LANGUAGE_STANDARD = "gnu++0x";
				CLANG_CXX_LIBRARY = "libc++";
				CLANG_ENABLE_MODULES = YES;
				CLANG_ENABLE_OBJC_ARC = YES;
				CLANG_WARN_BOOL_CONVERSION = YES;
				CLANG_WARN_CONSTANT_CONVERSION = YES;
				CLANG_WARN_DIRECT_OBJC_ISA_USAGE = YES_ERROR;
				CLANG_WARN_DOCUMENTATION_COMMENTS = YES;
				CLANG_WARN_EMPTY_BODY = YES;
				CLANG_WARN_ENUM_CONVERSION = YES;
				CLANG_WARN_INFINITE_RECURSION = YES;
				CLANG_WARN_INT_CONVERSION = YES;
				CLANG_WARN_OBJC_ROOT_CLASS = YES_ERROR;
				CLANG_WARN_SUSPICIOUS_MOVE = YES;
				CLANG_WARN_UNREACHABLE_CODE = YES;
				CLANG_WARN__DUPLICATE_METHOD_MATCH = YES;
				"CODE_SIGN_IDENTITY[sdk=iphoneos*]" = "iPhone Developer";
				COPY_PHASE_STRIP = NO;
				DEBUG_INFORMATION_FORMAT = dwarf;
				ENABLE_STRICT_OBJC_MSGSEND = YES;
				ENABLE_TESTABILITY = YES;
				GCC_C_LANGUAGE_STANDARD = gnu99;
				GCC_DYNAMIC_NO_PIC = NO;
				GCC_NO_COMMON_BLOCKS = YES;
				GCC_OPTIMIZATION_LEVEL = 0;
				GCC_PREPROCESSOR_DEFINITIONS = (
					"DEBUG=1",
					"$(inherited)",
				);
				GCC_WARN_64_TO_32_BIT_CONVERSION = YES;
				GCC_WARN_ABOUT_RETURN_TYPE = YES_ERROR;
				GCC_WARN_UNDECLARED_SELECTOR = YES;
				GCC_WARN_UNINITIALIZED_AUTOS = YES_AGGRESSIVE;
				GCC_WARN_UNUSED_FUNCTION = YES;
				GCC_WARN_UNUSED_VARIABLE = YES;
				IPHONEOS_DEPLOYMENT_TARGET = 10.3;
				MTL_ENABLE_DEBUG_INFO = YES;
				ONLY_ACTIVE_ARCH = YES;
				SDKROOT = iphoneos;
				SWIFT_ACTIVE_COMPILATION_CONDITIONS = DEBUG;
				SWIFT_OPTIMIZATION_LEVEL = "-Onone";
				TARGETED_DEVICE_FAMILY = "1,2";
			};
			name = Debug;
		};
		6F789E3E1E9986BB00077B48 /* Release */ = {
			isa = XCBuildConfiguration;
			buildSettings = {
				ALWAYS_SEARCH_USER_PATHS = NO;
				CLANG_ANALYZER_NONNULL = YES;
				CLANG_ANALYZER_NUMBER_OBJECT_CONVERSION = YES_AGGRESSIVE;
				CLANG_CXX_LANGUAGE_STANDARD = "gnu++0x";
				CLANG_CXX_LIBRARY = "libc++";
				CLANG_ENABLE_MODULES = YES;
				CLANG_ENABLE_OBJC_ARC = YES;
				CLANG_WARN_BOOL_CONVERSION = YES;
				CLANG_WARN_CONSTANT_CONVERSION = YES;
				CLANG_WARN_DIRECT_OBJC_ISA_USAGE = YES_ERROR;
				CLANG_WARN_DOCUMENTATION_COMMENTS = YES;
				CLANG_WARN_EMPTY_BODY = YES;
				CLANG_WARN_ENUM_CONVERSION = YES;
				CLANG_WARN_INFINITE_RECURSION = YES;
				CLANG_WARN_INT_CONVERSION = YES;
				CLANG_WARN_OBJC_ROOT_CLASS = YES_ERROR;
				CLANG_WARN_SUSPICIOUS_MOVE = YES;
				CLANG_WARN_UNREACHABLE_CODE = YES;
				CLANG_WARN__DUPLICATE_METHOD_MATCH = YES;
				"CODE_SIGN_IDENTITY[sdk=iphoneos*]" = "iPhone Developer";
				COPY_PHASE_STRIP = NO;
				DEBUG_INFORMATION_FORMAT = "dwarf-with-dsym";
				ENABLE_NS_ASSERTIONS = NO;
				ENABLE_STRICT_OBJC_MSGSEND = YES;
				GCC_C_LANGUAGE_STANDARD = gnu99;
				GCC_NO_COMMON_BLOCKS = YES;
				GCC_WARN_64_TO_32_BIT_CONVERSION = YES;
				GCC_WARN_ABOUT_RETURN_TYPE = YES_ERROR;
				GCC_WARN_UNDECLARED_SELECTOR = YES;
				GCC_WARN_UNINITIALIZED_AUTOS = YES_AGGRESSIVE;
				GCC_WARN_UNUSED_FUNCTION = YES;
				GCC_WARN_UNUSED_VARIABLE = YES;
				IPHONEOS_DEPLOYMENT_TARGET = 10.3;
				MTL_ENABLE_DEBUG_INFO = NO;
				SDKROOT = iphoneos;
				SWIFT_OPTIMIZATION_LEVEL = "-Owholemodule";
				TARGETED_DEVICE_FAMILY = "1,2";
				VALIDATE_PRODUCT = YES;
			};
			name = Release;
		};
		6F789E401E9986BB00077B48 /* Debug */ = {
			isa = XCBuildConfiguration;
			buildSettings = {
				ASSETCATALOG_COMPILER_APPICON_NAME = AppIcon;
				DEVELOPMENT_TEAM = X2AGFT2D8U;
				INFOPLIST_FILE = SlackTwilioTest/Info.plist;
				LD_RUNPATH_SEARCH_PATHS = "$(inherited) @executable_path/Frameworks";
				PRODUCT_BUNDLE_IDENTIFIER = com.rotoQL.SlackTwilioTest;
				PRODUCT_NAME = "$(TARGET_NAME)";
				SWIFT_VERSION = 3.0;
			};
			name = Debug;
		};
		6F789E411E9986BB00077B48 /* Release */ = {
			isa = XCBuildConfiguration;
			buildSettings = {
				ASSETCATALOG_COMPILER_APPICON_NAME = AppIcon;
				DEVELOPMENT_TEAM = X2AGFT2D8U;
				INFOPLIST_FILE = SlackTwilioTest/Info.plist;
				LD_RUNPATH_SEARCH_PATHS = "$(inherited) @executable_path/Frameworks";
				PRODUCT_BUNDLE_IDENTIFIER = com.rotoQL.SlackTwilioTest;
				PRODUCT_NAME = "$(TARGET_NAME)";
				SWIFT_VERSION = 3.0;
			};
			name = Release;
		};
		6F789E431E9986BB00077B48 /* Debug */ = {
			isa = XCBuildConfiguration;
			buildSettings = {
				ALWAYS_EMBED_SWIFT_STANDARD_LIBRARIES = YES;
				BUNDLE_LOADER = "$(TEST_HOST)";
				DEVELOPMENT_TEAM = X2AGFT2D8U;
				INFOPLIST_FILE = SlackTwilioTestTests/Info.plist;
				LD_RUNPATH_SEARCH_PATHS = "$(inherited) @executable_path/Frameworks @loader_path/Frameworks";
				PRODUCT_BUNDLE_IDENTIFIER = com.rotoQL.SlackTwilioTestTests;
				PRODUCT_NAME = "$(TARGET_NAME)";
				SWIFT_VERSION = 3.0;
				TEST_HOST = "$(BUILT_PRODUCTS_DIR)/SlackTwilioTest.app/SlackTwilioTest";
			};
			name = Debug;
		};
		6F789E441E9986BB00077B48 /* Release */ = {
			isa = XCBuildConfiguration;
			buildSettings = {
				ALWAYS_EMBED_SWIFT_STANDARD_LIBRARIES = YES;
				BUNDLE_LOADER = "$(TEST_HOST)";
				DEVELOPMENT_TEAM = X2AGFT2D8U;
				INFOPLIST_FILE = SlackTwilioTestTests/Info.plist;
				LD_RUNPATH_SEARCH_PATHS = "$(inherited) @executable_path/Frameworks @loader_path/Frameworks";
				PRODUCT_BUNDLE_IDENTIFIER = com.rotoQL.SlackTwilioTestTests;
				PRODUCT_NAME = "$(TARGET_NAME)";
				SWIFT_VERSION = 3.0;
				TEST_HOST = "$(BUILT_PRODUCTS_DIR)/SlackTwilioTest.app/SlackTwilioTest";
			};
			name = Release;
		};
		6F789E461E9986BB00077B48 /* Debug */ = {
			isa = XCBuildConfiguration;
			buildSettings = {
				ALWAYS_EMBED_SWIFT_STANDARD_LIBRARIES = YES;
				DEVELOPMENT_TEAM = X2AGFT2D8U;
				INFOPLIST_FILE = SlackTwilioTestUITests/Info.plist;
				LD_RUNPATH_SEARCH_PATHS = "$(inherited) @executable_path/Frameworks @loader_path/Frameworks";
				PRODUCT_BUNDLE_IDENTIFIER = com.rotoQL.SlackTwilioTestUITests;
				PRODUCT_NAME = "$(TARGET_NAME)";
				SWIFT_VERSION = 3.0;
				TEST_TARGET_NAME = SlackTwilioTest;
			};
			name = Debug;
		};
		6F789E471E9986BB00077B48 /* Release */ = {
			isa = XCBuildConfiguration;
			buildSettings = {
				ALWAYS_EMBED_SWIFT_STANDARD_LIBRARIES = YES;
				DEVELOPMENT_TEAM = X2AGFT2D8U;
				INFOPLIST_FILE = SlackTwilioTestUITests/Info.plist;
				LD_RUNPATH_SEARCH_PATHS = "$(inherited) @executable_path/Frameworks @loader_path/Frameworks";
				PRODUCT_BUNDLE_IDENTIFIER = com.rotoQL.SlackTwilioTestUITests;
				PRODUCT_NAME = "$(TARGET_NAME)";
				SWIFT_VERSION = 3.0;
				TEST_TARGET_NAME = SlackTwilioTest;
			};
			name = Release;
		};
/* End XCBuildConfiguration section */

/* Begin XCConfigurationList section */
		6F789E121E9986BB00077B48 /* Build configuration list for PBXProject "SlackTwilioTest" */ = {
			isa = XCConfigurationList;
			buildConfigurations = (
				6F789E3D1E9986BB00077B48 /* Debug */,
				6F789E3E1E9986BB00077B48 /* Release */,
			);
			defaultConfigurationIsVisible = 0;
			defaultConfigurationName = Release;
		};
		6F789E3F1E9986BB00077B48 /* Build configuration list for PBXNativeTarget "SlackTwilioTest" */ = {
			isa = XCConfigurationList;
			buildConfigurations = (
				6F789E401E9986BB00077B48 /* Debug */,
				6F789E411E9986BB00077B48 /* Release */,
			);
			defaultConfigurationIsVisible = 0;
		};
		6F789E421E9986BB00077B48 /* Build configuration list for PBXNativeTarget "SlackTwilioTestTests" */ = {
			isa = XCConfigurationList;
			buildConfigurations = (
				6F789E431E9986BB00077B48 /* Debug */,
				6F789E441E9986BB00077B48 /* Release */,
			);
			defaultConfigurationIsVisible = 0;
		};
		6F789E451E9986BB00077B48 /* Build configuration list for PBXNativeTarget "SlackTwilioTestUITests" */ = {
			isa = XCConfigurationList;
			buildConfigurations = (
				6F789E461E9986BB00077B48 /* Debug */,
				6F789E471E9986BB00077B48 /* Release */,
			);
			defaultConfigurationIsVisible = 0;
		};
/* End XCConfigurationList section */
	};
	rootObject = 6F789E0F1E9986BB00077B48 /* Project object */;
}
